
Microsoft Visual Studio Solution File, Format Version 12.00
# Visual Studio Version 16
VisualStudioVersion = 16.0.31702.278
MinimumVisualStudioVersion = 10.0.40219.1
Project("{FAE04EC0-301F-11D3-BF4B-00C04F79EFBC}") = "EServerSeleniumTest", "TestProject1\EServerSeleniumTest.csproj", "{FD783BCA-020F-4DB8-B789-3524B73E85B7}"
EndProject
Global
	GlobalSection(SolutionConfigurationPlatforms) = preSolution
		Debug|Any CPU = Debug|Any CPU
		Release|Any CPU = Release|Any CPU
	EndGlobalSection
	GlobalSection(ProjectConfigurationPlatforms) = postSolution
		{FD783BCA-020F-4DB8-B789-3524B73E85B7}.Debug|Any CPU.ActiveCfg = Debug|Any CPU
		{FD783BCA-020F-4DB8-B789-3524B73E85B7}.Debug|Any CPU.Build.0 = Debug|Any CPU
		{FD783BCA-020F-4DB8-B789-3524B73E85B7}.Release|Any CPU.ActiveCfg = Release|Any CPU
		{FD783BCA-020F-4DB8-B789-3524B73E85B7}.Release|Any CPU.Build.0 = Release|Any CPU
	EndGlobalSection
	GlobalSection(SolutionProperties) = preSolution
		HideSolutionNode = FALSE
	EndGlobalSection
	GlobalSection(ExtensibilityGlobals) = postSolution
		SolutionGuid = {1357C100-AB4E-4B32-8D3F-A0BF1056604E}
	EndGlobalSection
EndGlobal
